// !$*UTF8*$!
{
	archiveVersion = 1;
	classes = {
	};
	objectVersion = 50;
	objects = {

/* Begin PBXBuildFile section */
		15134A2FBC7C7027D608CFF9 /* Pods_RxSwift_Practice_MVVM_List.framework in Frameworks */ = {isa = PBXBuildFile; fileRef = 0CBF2A7380AD3E5DC7B88CF6 /* Pods_RxSwift_Practice_MVVM_List.framework */; };
		931C4A74224CAABC00DE760A /* ViewModelType.swift in Sources */ = {isa = PBXBuildFile; fileRef = 931C4A73224CAABC00DE760A /* ViewModelType.swift */; };
		931C4A76224CC37900DE760A /* UIViewController+Rx.swift in Sources */ = {isa = PBXBuildFile; fileRef = 931C4A75224CC37900DE760A /* UIViewController+Rx.swift */; };
		931FCA4D2248BF5B00749EB2 /* CardView.swift in Sources */ = {isa = PBXBuildFile; fileRef = 931FCA4C2248BF5B00749EB2 /* CardView.swift */; };
		931FCA502249EDB400749EB2 /* MainNavController.swift in Sources */ = {isa = PBXBuildFile; fileRef = 931FCA4F2249EDB400749EB2 /* MainNavController.swift */; };
		931FCA53224A14F900749EB2 /* CardHeaderView.swift in Sources */ = {isa = PBXBuildFile; fileRef = 931FCA52224A14F900749EB2 /* CardHeaderView.swift */; };
		931FCA55224A25EA00749EB2 /* CardBodyView.swift in Sources */ = {isa = PBXBuildFile; fileRef = 931FCA54224A25EA00749EB2 /* CardBodyView.swift */; };
		931FCA57224A29A600749EB2 /* CardFooterView.swift in Sources */ = {isa = PBXBuildFile; fileRef = 931FCA56224A29A600749EB2 /* CardFooterView.swift */; };
		934F22DD223A4D0C007F9473 /* CardsTableViewCell.swift in Sources */ = {isa = PBXBuildFile; fileRef = 934F22DC223A4D0C007F9473 /* CardsTableViewCell.swift */; };
		935629D9224E05B9001C3616 /* Comment.swift in Sources */ = {isa = PBXBuildFile; fileRef = 935629D8224E05B9001C3616 /* Comment.swift */; };
		935629DF2251F3E1001C3616 /* CommentViewModel.swift in Sources */ = {isa = PBXBuildFile; fileRef = 935629DE2251F3E1001C3616 /* CommentViewModel.swift */; };
		93956E7F22432B11004AF3D9 /* PostsViewModel.swift in Sources */ = {isa = PBXBuildFile; fileRef = 93956E7E22432B11004AF3D9 /* PostsViewModel.swift */; };
		93D0F07922377F950011E029 /* AppDelegate.swift in Sources */ = {isa = PBXBuildFile; fileRef = 93D0F07822377F950011E029 /* AppDelegate.swift */; };
		93D0F07B22377F950011E029 /* MainListViewController.swift in Sources */ = {isa = PBXBuildFile; fileRef = 93D0F07A22377F950011E029 /* MainListViewController.swift */; };
		93D0F08022377F980011E029 /* Assets.xcassets in Resources */ = {isa = PBXBuildFile; fileRef = 93D0F07F22377F980011E029 /* Assets.xcassets */; };
		93D0F08322377F980011E029 /* LaunchScreen.storyboard in Resources */ = {isa = PBXBuildFile; fileRef = 93D0F08122377F980011E029 /* LaunchScreen.storyboard */; };
		93E291732238E81D005110F7 /* NetworkingApi.swift in Sources */ = {isa = PBXBuildFile; fileRef = 93E291722238E81D005110F7 /* NetworkingApi.swift */; };
		93E291752238E857005110F7 /* Post.swift in Sources */ = {isa = PBXBuildFile; fileRef = 93E291742238E857005110F7 /* Post.swift */; };
/* End PBXBuildFile section */

/* Begin PBXFileReference section */
		0CBF2A7380AD3E5DC7B88CF6 /* Pods_RxSwift_Practice_MVVM_List.framework */ = {isa = PBXFileReference; explicitFileType = wrapper.framework; includeInIndex = 0; path = Pods_RxSwift_Practice_MVVM_List.framework; sourceTree = BUILT_PRODUCTS_DIR; };
		3EC27E314524CAD95C0804A1 /* Pods-RxSwift Practice MVVM List.debug.xcconfig */ = {isa = PBXFileReference; includeInIndex = 1; lastKnownFileType = text.xcconfig; name = "Pods-RxSwift Practice MVVM List.debug.xcconfig"; path = "Pods/Target Support Files/Pods-RxSwift Practice MVVM List/Pods-RxSwift Practice MVVM List.debug.xcconfig"; sourceTree = "<group>"; };
		864BB3A1C36E78C3AEE05DFD /* Pods-RxSwift Practice MVVM List.release.xcconfig */ = {isa = PBXFileReference; includeInIndex = 1; lastKnownFileType = text.xcconfig; name = "Pods-RxSwift Practice MVVM List.release.xcconfig"; path = "Pods/Target Support Files/Pods-RxSwift Practice MVVM List/Pods-RxSwift Practice MVVM List.release.xcconfig"; sourceTree = "<group>"; };
		931C4A73224CAABC00DE760A /* ViewModelType.swift */ = {isa = PBXFileReference; lastKnownFileType = sourcecode.swift; path = ViewModelType.swift; sourceTree = "<group>"; };
		931C4A75224CC37900DE760A /* UIViewController+Rx.swift */ = {isa = PBXFileReference; lastKnownFileType = sourcecode.swift; path = "UIViewController+Rx.swift"; sourceTree = "<group>"; };
		931FCA4C2248BF5B00749EB2 /* CardView.swift */ = {isa = PBXFileReference; lastKnownFileType = sourcecode.swift; path = CardView.swift; sourceTree = "<group>"; };
		931FCA4F2249EDB400749EB2 /* MainNavController.swift */ = {isa = PBXFileReference; lastKnownFileType = sourcecode.swift; path = MainNavController.swift; sourceTree = "<group>"; };
		931FCA52224A14F900749EB2 /* CardHeaderView.swift */ = {isa = PBXFileReference; lastKnownFileType = sourcecode.swift; path = CardHeaderView.swift; sourceTree = "<group>"; };
		931FCA54224A25EA00749EB2 /* CardBodyView.swift */ = {isa = PBXFileReference; lastKnownFileType = sourcecode.swift; path = CardBodyView.swift; sourceTree = "<group>"; };
		931FCA56224A29A600749EB2 /* CardFooterView.swift */ = {isa = PBXFileReference; lastKnownFileType = sourcecode.swift; path = CardFooterView.swift; sourceTree = "<group>"; };
		934F22DC223A4D0C007F9473 /* CardsTableViewCell.swift */ = {isa = PBXFileReference; lastKnownFileType = sourcecode.swift; path = CardsTableViewCell.swift; sourceTree = "<group>"; };
		935629D8224E05B9001C3616 /* Comment.swift */ = {isa = PBXFileReference; lastKnownFileType = sourcecode.swift; path = Comment.swift; sourceTree = "<group>"; };
		935629DE2251F3E1001C3616 /* CommentViewModel.swift */ = {isa = PBXFileReference; lastKnownFileType = sourcecode.swift; path = CommentViewModel.swift; sourceTree = "<group>"; };
		93956E7E22432B11004AF3D9 /* PostsViewModel.swift */ = {isa = PBXFileReference; lastKnownFileType = sourcecode.swift; path = PostsViewModel.swift; sourceTree = "<group>"; };
		93D0F07522377F950011E029 /* RxSwift Practice MVVM List.app */ = {isa = PBXFileReference; explicitFileType = wrapper.application; includeInIndex = 0; path = "RxSwift Practice MVVM List.app"; sourceTree = BUILT_PRODUCTS_DIR; };
		93D0F07822377F950011E029 /* AppDelegate.swift */ = {isa = PBXFileReference; lastKnownFileType = sourcecode.swift; path = AppDelegate.swift; sourceTree = "<group>"; };
		93D0F07A22377F950011E029 /* MainListViewController.swift */ = {isa = PBXFileReference; lastKnownFileType = sourcecode.swift; path = MainListViewController.swift; sourceTree = "<group>"; };
		93D0F07F22377F980011E029 /* Assets.xcassets */ = {isa = PBXFileReference; lastKnownFileType = folder.assetcatalog; path = Assets.xcassets; sourceTree = "<group>"; };
		93D0F08222377F980011E029 /* Base */ = {isa = PBXFileReference; lastKnownFileType = file.storyboard; name = Base; path = Base.lproj/LaunchScreen.storyboard; sourceTree = "<group>"; };
		93D0F08422377F980011E029 /* Info.plist */ = {isa = PBXFileReference; lastKnownFileType = text.plist.xml; path = Info.plist; sourceTree = "<group>"; };
		93E291722238E81D005110F7 /* NetworkingApi.swift */ = {isa = PBXFileReference; lastKnownFileType = sourcecode.swift; path = NetworkingApi.swift; sourceTree = "<group>"; };
		93E291742238E857005110F7 /* Post.swift */ = {isa = PBXFileReference; lastKnownFileType = sourcecode.swift; path = Post.swift; sourceTree = "<group>"; };
/* End PBXFileReference section */

/* Begin PBXFrameworksBuildPhase section */
		93D0F07222377F950011E029 /* Frameworks */ = {
			isa = PBXFrameworksBuildPhase;
			buildActionMask = 2147483647;
			files = (
				15134A2FBC7C7027D608CFF9 /* Pods_RxSwift_Practice_MVVM_List.framework in Frameworks */,
			);
			runOnlyForDeploymentPostprocessing = 0;
		};
/* End PBXFrameworksBuildPhase section */

/* Begin PBXGroup section */
		345527C4B0C2CD8623DFFCDB /* Pods */ = {
			isa = PBXGroup;
			children = (
				3EC27E314524CAD95C0804A1 /* Pods-RxSwift Practice MVVM List.debug.xcconfig */,
				864BB3A1C36E78C3AEE05DFD /* Pods-RxSwift Practice MVVM List.release.xcconfig */,
			);
			name = Pods;
			sourceTree = "<group>";
		};
		478B0C8939EE529647C8F631 /* Frameworks */ = {
			isa = PBXGroup;
			children = (
				0CBF2A7380AD3E5DC7B88CF6 /* Pods_RxSwift_Practice_MVVM_List.framework */,
			);
			name = Frameworks;
			sourceTree = "<group>";
		};
		931C4A72224CAAA700DE760A /* Utils */ = {
			isa = PBXGroup;
			children = (
				931C4A73224CAABC00DE760A /* ViewModelType.swift */,
				931C4A75224CC37900DE760A /* UIViewController+Rx.swift */,
			);
			path = Utils;
			sourceTree = "<group>";
		};
		931FCA4E2249ED1A00749EB2 /* MainListViewController */ = {
			isa = PBXGroup;
			children = (
				93D0F07A22377F950011E029 /* MainListViewController.swift */,
				934F22DC223A4D0C007F9473 /* CardsTableViewCell.swift */,
				93956E7E22432B11004AF3D9 /* PostsViewModel.swift */,
				935629DE2251F3E1001C3616 /* CommentViewModel.swift */,
			);
			path = MainListViewController;
			sourceTree = "<group>";
		};
		931FCA51224A149C00749EB2 /* CardView */ = {
			isa = PBXGroup;
			children = (
				931FCA4C2248BF5B00749EB2 /* CardView.swift */,
				931FCA52224A14F900749EB2 /* CardHeaderView.swift */,
				931FCA54224A25EA00749EB2 /* CardBodyView.swift */,
				931FCA56224A29A600749EB2 /* CardFooterView.swift */,
			);
			path = CardView;
			sourceTree = "<group>";
		};
		934F22D6223A2197007F9473 /* AppDelegate */ = {
			isa = PBXGroup;
			children = (
				93D0F07822377F950011E029 /* AppDelegate.swift */,
			);
			path = AppDelegate;
			sourceTree = "<group>";
		};
		934F22D7223A21A5007F9473 /* ViewController */ = {
			isa = PBXGroup;
			children = (
				931FCA4F2249EDB400749EB2 /* MainNavController.swift */,
				931FCA4E2249ED1A00749EB2 /* MainListViewController */,
			);
			path = ViewController;
			sourceTree = "<group>";
		};
		934F22D8223A21B0007F9473 /* Networking */ = {
			isa = PBXGroup;
			children = (
				93E291722238E81D005110F7 /* NetworkingApi.swift */,
			);
			path = Networking;
			sourceTree = "<group>";
		};
		934F22D9223A21B7007F9473 /* Models */ = {
			isa = PBXGroup;
			children = (
				93E291742238E857005110F7 /* Post.swift */,
				935629D8224E05B9001C3616 /* Comment.swift */,
			);
			path = Models;
			sourceTree = "<group>";
		};
		934F22DA223A21CD007F9473 /* View */ = {
			isa = PBXGroup;
			children = (
				93D0F08122377F980011E029 /* LaunchScreen.storyboard */,
				931FCA51224A149C00749EB2 /* CardView */,
			);
			path = View;
			sourceTree = "<group>";
		};
		934F22DB223A21D5007F9473 /* Supporting files */ = {
			isa = PBXGroup;
			children = (
				93D0F08422377F980011E029 /* Info.plist */,
			);
			path = "Supporting files";
			sourceTree = "<group>";
		};
		93D0F06C22377F950011E029 = {
			isa = PBXGroup;
			children = (
				93D0F07722377F950011E029 /* RxSwift Practice MVVM List */,
				93D0F07622377F950011E029 /* Products */,
				345527C4B0C2CD8623DFFCDB /* Pods */,
				478B0C8939EE529647C8F631 /* Frameworks */,
			);
			sourceTree = "<group>";
		};
		93D0F07622377F950011E029 /* Products */ = {
			isa = PBXGroup;
			children = (
				93D0F07522377F950011E029 /* RxSwift Practice MVVM List.app */,
			);
			name = Products;
			sourceTree = "<group>";
		};
		93D0F07722377F950011E029 /* RxSwift Practice MVVM List */ = {
			isa = PBXGroup;
			children = (
				934F22D6223A2197007F9473 /* AppDelegate */,
				934F22D9223A21B7007F9473 /* Models */,
				934F22DA223A21CD007F9473 /* View */,
				934F22D7223A21A5007F9473 /* ViewController */,
				931C4A72224CAAA700DE760A /* Utils */,
				934F22D8223A21B0007F9473 /* Networking */,
				934F22DB223A21D5007F9473 /* Supporting files */,
				93D0F07F22377F980011E029 /* Assets.xcassets */,
			);
			path = "RxSwift Practice MVVM List";
			sourceTree = "<group>";
		};
/* End PBXGroup section */

/* Begin PBXNativeTarget section */
		93D0F07422377F950011E029 /* RxSwift Practice MVVM List */ = {
			isa = PBXNativeTarget;
			buildConfigurationList = 93D0F08722377F980011E029 /* Build configuration list for PBXNativeTarget "RxSwift Practice MVVM List" */;
			buildPhases = (
				96B773A0E4F29D22604273A6 /* [CP] Check Pods Manifest.lock */,
				93D0F07122377F950011E029 /* Sources */,
				93D0F07222377F950011E029 /* Frameworks */,
				93D0F07322377F950011E029 /* Resources */,
				B457D1559D58D69350394F9C /* [CP] Embed Pods Frameworks */,
			);
			buildRules = (
			);
			dependencies = (
			);
			name = "RxSwift Practice MVVM List";
			productName = "RxSwift Pracice MVVM List";
			productReference = 93D0F07522377F950011E029 /* RxSwift Practice MVVM List.app */;
			productType = "com.apple.product-type.application";
		};
/* End PBXNativeTarget section */

/* Begin PBXProject section */
		93D0F06D22377F950011E029 /* Project object */ = {
			isa = PBXProject;
			attributes = {
				LastSwiftUpdateCheck = 1010;
				LastUpgradeCheck = 1010;
				ORGANIZATIONNAME = "Benson Lin";
				TargetAttributes = {
					93D0F07422377F950011E029 = {
						CreatedOnToolsVersion = 10.1;
					};
				};
			};
			buildConfigurationList = 93D0F07022377F950011E029 /* Build configuration list for PBXProject "RxSwift Practice MVVM List" */;
			compatibilityVersion = "Xcode 9.3";
			developmentRegion = en;
			hasScannedForEncodings = 0;
			knownRegions = (
				en,
				Base,
			);
			mainGroup = 93D0F06C22377F950011E029;
			productRefGroup = 93D0F07622377F950011E029 /* Products */;
			projectDirPath = "";
			projectRoot = "";
			targets = (
				93D0F07422377F950011E029 /* RxSwift Practice MVVM List */,
			);
		};
/* End PBXProject section */

/* Begin PBXResourcesBuildPhase section */
		93D0F07322377F950011E029 /* Resources */ = {
			isa = PBXResourcesBuildPhase;
			buildActionMask = 2147483647;
			files = (
				93D0F08322377F980011E029 /* LaunchScreen.storyboard in Resources */,
				93D0F08022377F980011E029 /* Assets.xcassets in Resources */,
			);
			runOnlyForDeploymentPostprocessing = 0;
		};
/* End PBXResourcesBuildPhase section */

/* Begin PBXShellScriptBuildPhase section */
		96B773A0E4F29D22604273A6 /* [CP] Check Pods Manifest.lock */ = {
			isa = PBXShellScriptBuildPhase;
			buildActionMask = 2147483647;
			files = (
			);
			inputFileListPaths = (
			);
			inputPaths = (
				"${PODS_PODFILE_DIR_PATH}/Podfile.lock",
				"${PODS_ROOT}/Manifest.lock",
			);
			name = "[CP] Check Pods Manifest.lock";
			outputFileListPaths = (
			);
			outputPaths = (
				"$(DERIVED_FILE_DIR)/Pods-RxSwift Practice MVVM List-checkManifestLockResult.txt",
			);
			runOnlyForDeploymentPostprocessing = 0;
			shellPath = /bin/sh;
			shellScript = "diff \"${PODS_PODFILE_DIR_PATH}/Podfile.lock\" \"${PODS_ROOT}/Manifest.lock\" > /dev/null\nif [ $? != 0 ] ; then\n    # print error to STDERR\n    echo \"error: The sandbox is not in sync with the Podfile.lock. Run 'pod install' or update your CocoaPods installation.\" >&2\n    exit 1\nfi\n# This output is used by Xcode 'outputs' to avoid re-running this script phase.\necho \"SUCCESS\" > \"${SCRIPT_OUTPUT_FILE_0}\"\n";
			showEnvVarsInLog = 0;
		};
		B457D1559D58D69350394F9C /* [CP] Embed Pods Frameworks */ = {
			isa = PBXShellScriptBuildPhase;
			buildActionMask = 2147483647;
			files = (
			);
			inputFileListPaths = (
			);
			inputPaths = (
				"${SRCROOT}/Pods/Target Support Files/Pods-RxSwift Practice MVVM List/Pods-RxSwift Practice MVVM List-frameworks.sh",
				"${BUILT_PRODUCTS_DIR}/RxAtomic/RxAtomic.framework",
				"${BUILT_PRODUCTS_DIR}/RxCocoa/RxCocoa.framework",
				"${BUILT_PRODUCTS_DIR}/RxSwift/RxSwift.framework",
				"${BUILT_PRODUCTS_DIR}/SnapKit/SnapKit.framework",
			);
			name = "[CP] Embed Pods Frameworks";
			outputFileListPaths = (
			);
			outputPaths = (
				"${TARGET_BUILD_DIR}/${FRAMEWORKS_FOLDER_PATH}/RxAtomic.framework",
				"${TARGET_BUILD_DIR}/${FRAMEWORKS_FOLDER_PATH}/RxCocoa.framework",
				"${TARGET_BUILD_DIR}/${FRAMEWORKS_FOLDER_PATH}/RxSwift.framework",
				"${TARGET_BUILD_DIR}/${FRAMEWORKS_FOLDER_PATH}/SnapKit.framework",
			);
			runOnlyForDeploymentPostprocessing = 0;
			shellPath = /bin/sh;
			shellScript = "\"${SRCROOT}/Pods/Target Support Files/Pods-RxSwift Practice MVVM List/Pods-RxSwift Practice MVVM List-frameworks.sh\"\n";
			showEnvVarsInLog = 0;
		};
/* End PBXShellScriptBuildPhase section */

/* Begin PBXSourcesBuildPhase section */
		93D0F07122377F950011E029 /* Sources */ = {
			isa = PBXSourcesBuildPhase;
			buildActionMask = 2147483647;
			files = (
				931FCA55224A25EA00749EB2 /* CardBodyView.swift in Sources */,
				931FCA502249EDB400749EB2 /* MainNavController.swift in Sources */,
				931FCA4D2248BF5B00749EB2 /* CardView.swift in Sources */,
				93D0F07B22377F950011E029 /* MainListViewController.swift in Sources */,
				935629DF2251F3E1001C3616 /* CommentViewModel.swift in Sources */,
				93956E7F22432B11004AF3D9 /* PostsViewModel.swift in Sources */,
				93E291732238E81D005110F7 /* NetworkingApi.swift in Sources */,
				931C4A76224CC37900DE760A /* UIViewController+Rx.swift in Sources */,
				931FCA53224A14F900749EB2 /* CardHeaderView.swift in Sources */,
				93D0F07922377F950011E029 /* AppDelegate.swift in Sources */,
				935629D9224E05B9001C3616 /* Comment.swift in Sources */,
				934F22DD223A4D0C007F9473 /* CardsTableViewCell.swift in Sources */,
				93E291752238E857005110F7 /* Post.swift in Sources */,
				931FCA57224A29A600749EB2 /* CardFooterView.swift in Sources */,
				931C4A74224CAABC00DE760A /* ViewModelType.swift in Sources */,
			);
			runOnlyForDeploymentPostprocessing = 0;
		};
/* End PBXSourcesBuildPhase section */

/* Begin PBXVariantGroup section */
		93D0F08122377F980011E029 /* LaunchScreen.storyboard */ = {
			isa = PBXVariantGroup;
			children = (
				93D0F08222377F980011E029 /* Base */,
			);
			name = LaunchScreen.storyboard;
			sourceTree = "<group>";
		};
/* End PBXVariantGroup section */

/* Begin XCBuildConfiguration section */
		93D0F08522377F980011E029 /* Debug */ = {
			isa = XCBuildConfiguration;
			buildSettings = {
				ALWAYS_SEARCH_USER_PATHS = NO;
				CLANG_ANALYZER_NONNULL = YES;
				CLANG_ANALYZER_NUMBER_OBJECT_CONVERSION = YES_AGGRESSIVE;
				CLANG_CXX_LANGUAGE_STANDARD = "gnu++14";
				CLANG_CXX_LIBRARY = "libc++";
				CLANG_ENABLE_MODULES = YES;
				CLANG_ENABLE_OBJC_ARC = YES;
				CLANG_ENABLE_OBJC_WEAK = YES;
				CLANG_WARN_BLOCK_CAPTURE_AUTORELEASING = YES;
				CLANG_WARN_BOOL_CONVERSION = YES;
				CLANG_WARN_COMMA = YES;
				CLANG_WARN_CONSTANT_CONVERSION = YES;
				CLANG_WARN_DEPRECATED_OBJC_IMPLEMENTATIONS = YES;
				CLANG_WARN_DIRECT_OBJC_ISA_USAGE = YES_ERROR;
				CLANG_WARN_DOCUMENTATION_COMMENTS = YES;
				CLANG_WARN_EMPTY_BODY = YES;
				CLANG_WARN_ENUM_CONVERSION = YES;
				CLANG_WARN_INFINITE_RECURSION = YES;
				CLANG_WARN_INT_CONVERSION = YES;
				CLANG_WARN_NON_LITERAL_NULL_CONVERSION = YES;
				CLANG_WARN_OBJC_IMPLICIT_RETAIN_SELF = YES;
				CLANG_WARN_OBJC_LITERAL_CONVERSION = YES;
				CLANG_WARN_OBJC_ROOT_CLASS = YES_ERROR;
				CLANG_WARN_RANGE_LOOP_ANALYSIS = YES;
				CLANG_WARN_STRICT_PROTOTYPES = YES;
				CLANG_WARN_SUSPICIOUS_MOVE = YES;
				CLANG_WARN_UNGUARDED_AVAILABILITY = YES_AGGRESSIVE;
				CLANG_WARN_UNREACHABLE_CODE = YES;
				CLANG_WARN__DUPLICATE_METHOD_MATCH = YES;
				CODE_SIGN_IDENTITY = "iPhone Developer";
				COPY_PHASE_STRIP = NO;
				DEBUG_INFORMATION_FORMAT = dwarf;
				ENABLE_STRICT_OBJC_MSGSEND = YES;
				ENABLE_TESTABILITY = YES;
				GCC_C_LANGUAGE_STANDARD = gnu11;
				GCC_DYNAMIC_NO_PIC = NO;
				GCC_NO_COMMON_BLOCKS = YES;
				GCC_OPTIMIZATION_LEVEL = 0;
				GCC_PREPROCESSOR_DEFINITIONS = (
					"DEBUG=1",
					"$(inherited)",
				);
				GCC_WARN_64_TO_32_BIT_CONVERSION = YES;
				GCC_WARN_ABOUT_RETURN_TYPE = YES_ERROR;
				GCC_WARN_UNDECLARED_SELECTOR = YES;
				GCC_WARN_UNINITIALIZED_AUTOS = YES_AGGRESSIVE;
				GCC_WARN_UNUSED_FUNCTION = YES;
				GCC_WARN_UNUSED_VARIABLE = YES;
				IPHONEOS_DEPLOYMENT_TARGET = 12.1;
				MTL_ENABLE_DEBUG_INFO = INCLUDE_SOURCE;
				MTL_FAST_MATH = YES;
				ONLY_ACTIVE_ARCH = YES;
				SDKROOT = iphoneos;
				SWIFT_ACTIVE_COMPILATION_CONDITIONS = DEBUG;
				SWIFT_OPTIMIZATION_LEVEL = "-Onone";
			};
			name = Debug;
		};
		93D0F08622377F980011E029 /* Release */ = {
			isa = XCBuildConfiguration;
			buildSettings = {
				ALWAYS_SEARCH_USER_PATHS = NO;
				CLANG_ANALYZER_NONNULL = YES;
				CLANG_ANALYZER_NUMBER_OBJECT_CONVERSION = YES_AGGRESSIVE;
				CLANG_CXX_LANGUAGE_STANDARD = "gnu++14";
				CLANG_CXX_LIBRARY = "libc++";
				CLANG_ENABLE_MODULES = YES;
				CLANG_ENABLE_OBJC_ARC = YES;
				CLANG_ENABLE_OBJC_WEAK = YES;
				CLANG_WARN_BLOCK_CAPTURE_AUTORELEASING = YES;
				CLANG_WARN_BOOL_CONVERSION = YES;
				CLANG_WARN_COMMA = YES;
				CLANG_WARN_CONSTANT_CONVERSION = YES;
				CLANG_WARN_DEPRECATED_OBJC_IMPLEMENTATIONS = YES;
				CLANG_WARN_DIRECT_OBJC_ISA_USAGE = YES_ERROR;
				CLANG_WARN_DOCUMENTATION_COMMENTS = YES;
				CLANG_WARN_EMPTY_BODY = YES;
				CLANG_WARN_ENUM_CONVERSION = YES;
				CLANG_WARN_INFINITE_RECURSION = YES;
				CLANG_WARN_INT_CONVERSION = YES;
				CLANG_WARN_NON_LITERAL_NULL_CONVERSION = YES;
				CLANG_WARN_OBJC_IMPLICIT_RETAIN_SELF = YES;
				CLANG_WARN_OBJC_LITERAL_CONVERSION = YES;
				CLANG_WARN_OBJC_ROOT_CLASS = YES_ERROR;
				CLANG_WARN_RANGE_LOOP_ANALYSIS = YES;
				CLANG_WARN_STRICT_PROTOTYPES = YES;
				CLANG_WARN_SUSPICIOUS_MOVE = YES;
				CLANG_WARN_UNGUARDED_AVAILABILITY = YES_AGGRESSIVE;
				CLANG_WARN_UNREACHABLE_CODE = YES;
				CLANG_WARN__DUPLICATE_METHOD_MATCH = YES;
				CODE_SIGN_IDENTITY = "iPhone Developer";
				COPY_PHASE_STRIP = NO;
				DEBUG_INFORMATION_FORMAT = "dwarf-with-dsym";
				ENABLE_NS_ASSERTIONS = NO;
				ENABLE_STRICT_OBJC_MSGSEND = YES;
				GCC_C_LANGUAGE_STANDARD = gnu11;
				GCC_NO_COMMON_BLOCKS = YES;
				GCC_WARN_64_TO_32_BIT_CONVERSION = YES;
				GCC_WARN_ABOUT_RETURN_TYPE = YES_ERROR;
				GCC_WARN_UNDECLARED_SELECTOR = YES;
				GCC_WARN_UNINITIALIZED_AUTOS = YES_AGGRESSIVE;
				GCC_WARN_UNUSED_FUNCTION = YES;
				GCC_WARN_UNUSED_VARIABLE = YES;
				IPHONEOS_DEPLOYMENT_TARGET = 12.1;
				MTL_ENABLE_DEBUG_INFO = NO;
				MTL_FAST_MATH = YES;
				SDKROOT = iphoneos;
				SWIFT_COMPILATION_MODE = wholemodule;
				SWIFT_OPTIMIZATION_LEVEL = "-O";
				VALIDATE_PRODUCT = YES;
			};
			name = Release;
		};
		93D0F08822377F980011E029 /* Debug */ = {
			isa = XCBuildConfiguration;
			baseConfigurationReference = 3EC27E314524CAD95C0804A1 /* Pods-RxSwift Practice MVVM List.debug.xcconfig */;
			buildSettings = {
				ASSETCATALOG_COMPILER_APPICON_NAME = AppIcon;
				CODE_SIGN_STYLE = Automatic;
				DEVELOPMENT_TEAM = 79399T3H3C;
				INFOPLIST_FILE = "$(SRCROOT)/RxSwift Practice MVVM List/Supporting files/Info.plist";
				IPHONEOS_DEPLOYMENT_TARGET = 11.0;
				LD_RUNPATH_SEARCH_PATHS = (
					"$(inherited)",
					"@executable_path/Frameworks",
				);
				PRODUCT_BUNDLE_IDENTIFIER = "com.ycstudio.RxSwift-Pracice-MVVM-List";
				PRODUCT_NAME = "$(TARGET_NAME)";
				SWIFT_VERSION = 4.2;
				TARGETED_DEVICE_FAMILY = "1,2";
			};
			name = Debug;
		};
		93D0F08922377F980011E029 /* Release */ = {
			isa = XCBuildConfiguration;
			baseConfigurationReference = 864BB3A1C36E78C3AEE05DFD /* Pods-RxSwift Practice MVVM List.release.xcconfig */;
			buildSettings = {
				ASSETCATALOG_COMPILER_APPICON_NAME = AppIcon;
				CODE_SIGN_STYLE = Automatic;
				DEVELOPMENT_TEAM = 79399T3H3C;
				INFOPLIST_FILE = "$(SRCROOT)/RxSwift Practice MVVM List/Supporting files/Info.plist";
				IPHONEOS_DEPLOYMENT_TARGET = 11.0;
				LD_RUNPATH_SEARCH_PATHS = (
					"$(inherited)",
					"@executable_path/Frameworks",
				);
				PRODUCT_BUNDLE_IDENTIFIER = "com.ycstudio.RxSwift-Pracice-MVVM-List";
				PRODUCT_NAME = "$(TARGET_NAME)";
				SWIFT_VERSION = 4.2;
				TARGETED_DEVICE_FAMILY = "1,2";
			};
			name = Release;
		};
/* End XCBuildConfiguration section */

/* Begin XCConfigurationList section */
		93D0F07022377F950011E029 /* Build configuration list for PBXProject "RxSwift Practice MVVM List" */ = {
			isa = XCConfigurationList;
			buildConfigurations = (
				93D0F08522377F980011E029 /* Debug */,
				93D0F08622377F980011E029 /* Release */,
			);
			defaultConfigurationIsVisible = 0;
			defaultConfigurationName = Release;
		};
		93D0F08722377F980011E029 /* Build configuration list for PBXNativeTarget "RxSwift Practice MVVM List" */ = {
			isa = XCConfigurationList;
			buildConfigurations = (
				93D0F08822377F980011E029 /* Debug */,
				93D0F08922377F980011E029 /* Release */,
			);
			defaultConfigurationIsVisible = 0;
			defaultConfigurationName = Release;
		};
/* End XCConfigurationList section */
	};
	rootObject = 93D0F06D22377F950011E029 /* Project object */;
}
